
Microsoft Visual Studio Solution File, Format Version 12.00
# Visual Studio 15
VisualStudioVersion = 15.0.28307.421
MinimumVisualStudioVersion = 10.0.40219.1
Project("{FAE04EC0-301F-11D3-BF4B-00C04F79EFBC}") = "Library Management System", "Library Management System\Library Management System.csproj", "{ABE6DB88-6EF5-47FB-A06B-E2AA3E0424D9}"
EndProject
Global
	GlobalSection(SolutionConfigurationPlatforms) = preSolution
		Debug|Any CPU = Debug|Any CPU
		Release|Any CPU = Release|Any CPU
	EndGlobalSection
	GlobalSection(ProjectConfigurationPlatforms) = postSolution
		{ABE6DB88-6EF5-47FB-A06B-E2AA3E0424D9}.Debug|Any CPU.ActiveCfg = Debug|Any CPU
		{ABE6DB88-6EF5-47FB-A06B-E2AA3E0424D9}.Debug|Any CPU.Build.0 = Debug|Any CPU
		{ABE6DB88-6EF5-47FB-A06B-E2AA3E0424D9}.Release|Any CPU.ActiveCfg = Release|Any CPU
		{ABE6DB88-6EF5-47FB-A06B-E2AA3E0424D9}.Release|Any CPU.Build.0 = Release|Any CPU
	EndGlobalSection
	GlobalSection(SolutionProperties) = preSolution
		HideSolutionNode = FALSE
	EndGlobalSection
	GlobalSection(ExtensibilityGlobals) = postSolution
		SolutionGuid = {49DA9717-78B5-4A68-960C-3AE0CD048DFF}
	EndGlobalSection
EndGlobal
